{
  "name": "api",
  "lockfileVersion": 3,
  "requires": true,
  "packages": {
    "": {
      "dependencies": {
        "unique-username-generator": "^1.5.1",
        "ws": "^8.18.3"
      }
    },
    "node_modules/unique-username-generator": {
      "version": "1.5.1",
      "resolved": "https://registry.npmjs.org/unique-username-generator/-/unique-username-generator-1.5.1.tgz",
      "integrity": "sha512-Q0pSKPyij4L7Tm6Bo3XsWeFG9qbyWTtwb3jTN+XgGhCFdlvQn6Fj0DCfYElw0kp/Xp7Jv1Q+CL+aA8S07RMChA==",
      "bin": {
        "unique-username": "dist/cli.js",
        "usergen": "dist/cli.js",
        "usernamegen": "dist/cli.js",
        "uuname": "dist/cli.js"
      }
    },
    "node_modules/ws": {
      "version": "8.18.3",
      "resolved": "https://registry.npmjs.org/ws/-/ws-8.18.3.tgz",
      "integrity": "sha512-PEIGCY5tSlUt50cqyMXfCzX+oOPqN0vuGqWzbcJ2xvnkzkq46oOpz7dQaTDBdfICb4N14+GARUDw2XV2N4tvzg==",
      "engines": {
        "node": ">=10.0.0"
      },
      "peerDependencies": {
        "bufferutil": "^4.0.1",
        "utf-8-validate": ">=5.0.2"
      },
      "peerDependenciesMeta": {
        "bufferutil": {
          "optional": true
        },
        "utf-8-validate": {
          "optional": true
        }
      }
    }
  }
}
